
Microsoft Visual Studio Solution File, Format Version 12.00
# Visual Studio Version 16
VisualStudioVersion = 16.0.30717.126
MinimumVisualStudioVersion = 10.0.40219.1
Project("{9A19103F-16F7-4668-BE54-9A1E7A4F7556}") = "WarehouseSystemAnalyst.Server", "WarehouseSystemAnalyst\Server\WarehouseSystemAnalyst.Server.csproj", "{61AFFDA1-0333-4F22-8B2B-68CCF36A8DAB}"
EndProject
Project("{9A19103F-16F7-4668-BE54-9A1E7A4F7556}") = "WarehouseSystemAnalyst.Client", "WarehouseSystemAnalyst\Client\WarehouseSystemAnalyst.Client.csproj", "{85806507-494C-4F64-BC85-E0AF476B5D8C}"
EndProject
Project("{9A19103F-16F7-4668-BE54-9A1E7A4F7556}") = "WarehouseSystemAnalyst.Shared", "WarehouseSystemAnalyst\Shared\WarehouseSystemAnalyst.Shared.csproj", "{FF0FDD8D-8B6B-47DF-A5C2-F15C3221925A}"
EndProject
Project("{9A19103F-16F7-4668-BE54-9A1E7A4F7556}") = "WarehouseSystemAnalyst.Components", "WarehouseSystemAnalyst\WarehouseSystemAnalyst.Components\WarehouseSystemAnalyst.Components.csproj", "{2C587BF3-225C-4A6B-9272-2FB6F2B95286}"
EndProject
Project("{9A19103F-16F7-4668-BE54-9A1E7A4F7556}") = "WarehouseSystemAnalyst.Data", "WarehouseSystemAnalyst\WarehouseSystemAnalyst.Data\WarehouseSystemAnalyst.Data.csproj", "{B4D9A275-3F21-4D25-8FC8-CC5BB0EBFBAE}"
EndProject
Project("{9A19103F-16F7-4668-BE54-9A1E7A4F7556}") = "WarehouseSystemAnalyst.Interfaces", "WarehouseSystemAnalyst\WarehouseSystemAnalyst.Interfaces\WarehouseSystemAnalyst.Interfaces.csproj", "{3EF32CB6-4C44-453B-96CD-52D74E6FA16B}"
EndProject
Project("{9A19103F-16F7-4668-BE54-9A1E7A4F7556}") = "WarehouseSystemAnalyst.Mediator", "WarehouseSystemAnalyst\WarehouseSystemAnalyst.Mediator\WarehouseSystemAnalyst.Mediator.csproj", "{81CFE7C1-41FE-4BB4-9610-BB9229814BCD}"
EndProject
Project("{9A19103F-16F7-4668-BE54-9A1E7A4F7556}") = "WarehouseSystemAnalyst.DataTests", "WarehouseSystemAnalyst\WarehouseSystemAnalyst.DataTests\WarehouseSystemAnalyst.DataTests.csproj", "{4E686D55-DF73-4E0E-BD58-26D25CD21D29}"
EndProject
Global
	GlobalSection(SolutionConfigurationPlatforms) = preSolution
		Debug|Any CPU = Debug|Any CPU
		Release|Any CPU = Release|Any CPU
	EndGlobalSection
	GlobalSection(ProjectConfigurationPlatforms) = postSolution
		{61AFFDA1-0333-4F22-8B2B-68CCF36A8DAB}.Debug|Any CPU.ActiveCfg = Debug|Any CPU
		{61AFFDA1-0333-4F22-8B2B-68CCF36A8DAB}.Debug|Any CPU.Build.0 = Debug|Any CPU
		{61AFFDA1-0333-4F22-8B2B-68CCF36A8DAB}.Release|Any CPU.ActiveCfg = Release|Any CPU
		{61AFFDA1-0333-4F22-8B2B-68CCF36A8DAB}.Release|Any CPU.Build.0 = Release|Any CPU
		{85806507-494C-4F64-BC85-E0AF476B5D8C}.Debug|Any CPU.ActiveCfg = Debug|Any CPU
		{85806507-494C-4F64-BC85-E0AF476B5D8C}.Debug|Any CPU.Build.0 = Debug|Any CPU
		{85806507-494C-4F64-BC85-E0AF476B5D8C}.Release|Any CPU.ActiveCfg = Release|Any CPU
		{85806507-494C-4F64-BC85-E0AF476B5D8C}.Release|Any CPU.Build.0 = Release|Any CPU
		{FF0FDD8D-8B6B-47DF-A5C2-F15C3221925A}.Debug|Any CPU.ActiveCfg = Debug|Any CPU
		{FF0FDD8D-8B6B-47DF-A5C2-F15C3221925A}.Debug|Any CPU.Build.0 = Debug|Any CPU
		{FF0FDD8D-8B6B-47DF-A5C2-F15C3221925A}.Release|Any CPU.ActiveCfg = Release|Any CPU
		{FF0FDD8D-8B6B-47DF-A5C2-F15C3221925A}.Release|Any CPU.Build.0 = Release|Any CPU
		{2C587BF3-225C-4A6B-9272-2FB6F2B95286}.Debug|Any CPU.ActiveCfg = Debug|Any CPU
		{2C587BF3-225C-4A6B-9272-2FB6F2B95286}.Debug|Any CPU.Build.0 = Debug|Any CPU
		{2C587BF3-225C-4A6B-9272-2FB6F2B95286}.Release|Any CPU.ActiveCfg = Release|Any CPU
		{2C587BF3-225C-4A6B-9272-2FB6F2B95286}.Release|Any CPU.Build.0 = Release|Any CPU
		{B4D9A275-3F21-4D25-8FC8-CC5BB0EBFBAE}.Debug|Any CPU.ActiveCfg = Debug|Any CPU
		{B4D9A275-3F21-4D25-8FC8-CC5BB0EBFBAE}.Debug|Any CPU.Build.0 = Debug|Any CPU
		{B4D9A275-3F21-4D25-8FC8-CC5BB0EBFBAE}.Release|Any CPU.ActiveCfg = Release|Any CPU
		{B4D9A275-3F21-4D25-8FC8-CC5BB0EBFBAE}.Release|Any CPU.Build.0 = Release|Any CPU
		{3EF32CB6-4C44-453B-96CD-52D74E6FA16B}.Debug|Any CPU.ActiveCfg = Debug|Any CPU
		{3EF32CB6-4C44-453B-96CD-52D74E6FA16B}.Debug|Any CPU.Build.0 = Debug|Any CPU
		{3EF32CB6-4C44-453B-96CD-52D74E6FA16B}.Release|Any CPU.ActiveCfg = Release|Any CPU
		{3EF32CB6-4C44-453B-96CD-52D74E6FA16B}.Release|Any CPU.Build.0 = Release|Any CPU
		{81CFE7C1-41FE-4BB4-9610-BB9229814BCD}.Debug|Any CPU.ActiveCfg = Debug|Any CPU
		{81CFE7C1-41FE-4BB4-9610-BB9229814BCD}.Debug|Any CPU.Build.0 = Debug|Any CPU
		{81CFE7C1-41FE-4BB4-9610-BB9229814BCD}.Release|Any CPU.ActiveCfg = Release|Any CPU
		{81CFE7C1-41FE-4BB4-9610-BB9229814BCD}.Release|Any CPU.Build.0 = Release|Any CPU
		{4E686D55-DF73-4E0E-BD58-26D25CD21D29}.Debug|Any CPU.ActiveCfg = Debug|Any CPU
		{4E686D55-DF73-4E0E-BD58-26D25CD21D29}.Debug|Any CPU.Build.0 = Debug|Any CPU
		{4E686D55-DF73-4E0E-BD58-26D25CD21D29}.Release|Any CPU.ActiveCfg = Release|Any CPU
		{4E686D55-DF73-4E0E-BD58-26D25CD21D29}.Release|Any CPU.Build.0 = Release|Any CPU
	EndGlobalSection
	GlobalSection(SolutionProperties) = preSolution
		HideSolutionNode = FALSE
	EndGlobalSection
	GlobalSection(ExtensibilityGlobals) = postSolution
		SolutionGuid = {F4DDC164-4D6E-4782-9F0E-C3ED5ACE8073}
	EndGlobalSection
EndGlobal
